<?xml version="1.0" encoding="utf-8"?>
<Project ToolsVersion="4.0" xmlns="http://schemas.microsoft.com/developer/msbuild/2003">
  <ItemGroup>
    <Filter Include="Source Files">
      <UniqueIdentifier>{4FC737F1-C7A5-4376-A066-2A32D752A2FF}</UniqueIdentifier>
      <Extensions>cpp;c;cc;cxx;def;odl;idl;hpj;bat;asm;asmx</Extensions>
    </Filter>
    <Filter Include="Header Files">
      <UniqueIdentifier>{93995380-89BD-4b04-88EB-625FBE52EBFB}</UniqueIdentifier>
      <Extensions>h;hh;hpp;hxx;hm;inl;inc;ipp;xsd</Extensions>
    </Filter>
    <Filter Include="Resource Files">
      <UniqueIdentifier>{67DA6AB6-F800-4c08-8B7A-83BB121AAD01}</UniqueIdentifier>
      <Extensions>rc;ico;cur;bmp;dlg;rc2;rct;bin;rgs;gif;jpg;jpeg;jpe;resx;tiff;tif;png;wav;mfcribbon-ms</Extensions>
    </Filter>
  </ItemGroup>
  <ItemGroup>
    <ClInclude Include="Antenna.h">
      <Filter>Header Files</Filter>
    </ClInclude>
    <ClInclude Include="BaseStation.h">
      <Filter>Header Files</Filter>
    </ClInclude>
    <ClInclude Include="Coord.h">
      <Filter>Header Files</Filter>
    </ClInclude>
    <ClInclude Include="IRPManager.h">
      <Filter>Header Files</Filter>
    </ClInclude>
    <ClInclude Include="UEDataBase.h">
      <Filter>Header Files</Filter>
    </ClInclude>
    <ClInclude Include="UserEquipment.h">
      <Filter>Header Files</Filter>
    </ClInclude>
    <ClInclude Include="Transceivers.h">
      <Filter>Header Files</Filter>
    </ClInclude>
    <ClInclude Include="Transmission.h">
      <Filter>Header Files</Filter>
    </ClInclude>
    <ClInclude Include="Simulator.h">
      <Filter>Header Files</Filter>
    </ClInclude>
    <ClInclude Include="FileIO.h">
      <Filter>Header Files</Filter>
    </ClInclude>
    <ClInclude Include="Setup.h">
      <Filter>Header Files</Filter>
    </ClInclude>
    <ClInclude Include="EnvironmentInitialization.h">
      <Filter>Header Files</Filter>
    </ClInclude>
    <ClInclude Include="NetworkLogBuffer.h">
      <Filter>Header Files</Filter>
    </ClInclude>
    <ClInclude Include="UELogData.h">
      <Filter>Header Files</Filter>
    </ClInclude>
    <ClInclude Include="GUIDataContainer.h">
      <Filter>Header Files</Filter>
    </ClInclude>
    <ClInclude Include="GUIMain.h">
      <Filter>Resource Files</Filter>
    </ClInclude>
    <ClInclude Include="DebugMain.h">
      <Filter>Header Files</Filter>
    </ClInclude>
    <ClInclude Include="DataRateTable.h">
      <Filter>Header Files</Filter>
    </ClInclude>
    <ClInclude Include="UERecord.h">
      <Filter>Header Files</Filter>
    </ClInclude>
    <ClInclude Include="BSFailureParams.h">
      <Filter>Header Files</Filter>
    </ClInclude>
    <ClInclude Include="EnvironmentController.h">
      <Filter>Header Files</Filter>
    </ClInclude>
    <ClInclude Include="ErrorTracer.h">
      <Filter>Header Files</Filter>
    </ClInclude>
    <ClInclude Include="DrawingTools.h">
      <Filter>Header Files</Filter>
    </ClInclude>
    <ClInclude Include="API.h">
      <Filter>Header Files</Filter>
    </ClInclude>
  </ItemGroup>
  <ItemGroup>
    <ClCompile Include="Antenna.cpp">
      <Filter>Source Files</Filter>
    </ClCompile>
    <ClCompile Include="BaseStation.cpp">
      <Filter>Source Files</Filter>
    </ClCompile>
    <ClCompile Include="IRPManager.cpp">
      <Filter>Source Files</Filter>
    </ClCompile>
    <ClCompile Include="UEDataBase.cpp">
      <Filter>Source Files</Filter>
    </ClCompile>
    <ClCompile Include="UserEquipment.cpp">
      <Filter>Source Files</Filter>
    </ClCompile>
    <ClCompile Include="Transceivers.cpp">
      <Filter>Source Files</Filter>
    </ClCompile>
    <ClCompile Include="Transmission.cpp">
      <Filter>Source Files</Filter>
    </ClCompile>
    <ClCompile Include="Simulator.cpp">
      <Filter>Source Files</Filter>
    </ClCompile>
    <ClCompile Include="FileIO.cpp">
      <Filter>Source Files</Filter>
    </ClCompile>
    <ClCompile Include="EnvironmentInitialization.cpp">
      <Filter>Source Files</Filter>
    </ClCompile>
    <ClCompile Include="Setup.cpp">
      <Filter>Source Files</Filter>
    </ClCompile>
    <ClCompile Include="NetworkLogBuffer.cpp">
      <Filter>Source Files</Filter>
    </ClCompile>
    <ClCompile Include="UELogData.cpp">
      <Filter>Source Files</Filter>
    </ClCompile>
    <ClCompile Include="GUIDataContainer.cpp">
      <Filter>Source Files</Filter>
    </ClCompile>
    <ClCompile Include="GUIMain.cpp">
      <Filter>Resource Files</Filter>
    </ClCompile>
    <ClCompile Include="DebugMain.cpp">
      <Filter>Source Files</Filter>
    </ClCompile>
    <ClCompile Include="DataRateTable.cpp">
      <Filter>Source Files</Filter>
    </ClCompile>
    <ClCompile Include="UERecord.cpp">
      <Filter>Source Files</Filter>
    </ClCompile>
    <ClCompile Include="BSFailureParams.cpp">
      <Filter>Source Files</Filter>
    </ClCompile>
    <ClCompile Include="EnvironmentController.cpp">
      <Filter>Source Files</Filter>
    </ClCompile>
    <ClCompile Include="ErrorTracer.cpp">
      <Filter>Source Files</Filter>
    </ClCompile>
    <ClCompile Include="DrawingTools.cpp">
      <Filter>Source Files</Filter>
    </ClCompile>
    <ClCompile Include="API.cpp">
      <Filter>Source Files</Filter>
    </ClCompile>
  </ItemGroup>
  <ItemGroup>
    <None Include="Makefile">
      <Filter>Resource Files</Filter>
    </None>
    <None Include="compile.sh">
      <Filter>Resource Files</Filter>
    </None>
    <None Include="EXEC.sh">
      <Filter>Resource Files</Filter>
    </None>
    <None Include="DRTBL.csv">
      <Filter>Resource Files</Filter>
    </None>
    <None Include="..\Debug\DRTBL.csv">
      <Filter>Resource Files</Filter>
    </None>
  </ItemGroup>
</Project>